
Microsoft Visual Studio Solution File, Format Version 12.00
# Visual Studio 15
VisualStudioVersion = 15.0.28307.1972
MinimumVisualStudioVersion = 10.0.40219.1
Project("{D2ABAB84-BF74-430A-B69E-9DC6D40DDA17}") = "Ejercicio1", "Ejercicio1\Ejercicio1.dwproj", "{A7D7E1AF-7807-45A3-8E10-09318DA2D4AF}"
EndProject
Global
	GlobalSection(SolutionConfigurationPlatforms) = preSolution
		Development|Default = Development|Default
	EndGlobalSection
	GlobalSection(ProjectConfigurationPlatforms) = postSolution
		{A7D7E1AF-7807-45A3-8E10-09318DA2D4AF}.Development|Default.ActiveCfg = Development
		{A7D7E1AF-7807-45A3-8E10-09318DA2D4AF}.Development|Default.Build.0 = Development
		{A7D7E1AF-7807-45A3-8E10-09318DA2D4AF}.Development|Default.Deploy.0 = Development
	EndGlobalSection
	GlobalSection(SolutionProperties) = preSolution
		HideSolutionNode = FALSE
	EndGlobalSection
	GlobalSection(ExtensibilityGlobals) = postSolution
		SolutionGuid = {C567A345-5F50-4F97-B43A-8A19D813336D}
	EndGlobalSection
EndGlobal
